
Microsoft Visual Studio Solution File, Format Version 12.00
# Visual Studio 15
VisualStudioVersion = 15.0.28307.852
MinimumVisualStudioVersion = 10.0.40219.1
Project("{00D1A9C2-B5F0-4AF3-8072-F6C62B433612}") = "DatawarehouseSucos", "DatawarehouseSucos\DatawarehouseSucos.sqlproj", "{74164A54-1D3A-492D-A46D-188B953267F8}"
EndProject
Project("{159641D6-6404-4A2A-AE62-294DE0FE8301}") = "CargaDatawarehouse", "CargaDatawarehouse\CargaDatawarehouse.dtproj", "{79424202-9BC5-4C97-A5A4-2ADC33DEAD74}"
EndProject
Global
	GlobalSection(SolutionConfigurationPlatforms) = preSolution
		Debug|Any CPU = Debug|Any CPU
		Development|Any CPU = Development|Any CPU
		Release|Any CPU = Release|Any CPU
	EndGlobalSection
	GlobalSection(ProjectConfigurationPlatforms) = postSolution
		{74164A54-1D3A-492D-A46D-188B953267F8}.Debug|Any CPU.ActiveCfg = Debug|Any CPU
		{74164A54-1D3A-492D-A46D-188B953267F8}.Debug|Any CPU.Build.0 = Debug|Any CPU
		{74164A54-1D3A-492D-A46D-188B953267F8}.Debug|Any CPU.Deploy.0 = Debug|Any CPU
		{74164A54-1D3A-492D-A46D-188B953267F8}.Development|Any CPU.ActiveCfg = Debug|Any CPU
		{74164A54-1D3A-492D-A46D-188B953267F8}.Development|Any CPU.Build.0 = Debug|Any CPU
		{74164A54-1D3A-492D-A46D-188B953267F8}.Development|Any CPU.Deploy.0 = Debug|Any CPU
		{74164A54-1D3A-492D-A46D-188B953267F8}.Release|Any CPU.ActiveCfg = Release|Any CPU
		{74164A54-1D3A-492D-A46D-188B953267F8}.Release|Any CPU.Build.0 = Release|Any CPU
		{74164A54-1D3A-492D-A46D-188B953267F8}.Release|Any CPU.Deploy.0 = Release|Any CPU
		{79424202-9BC5-4C97-A5A4-2ADC33DEAD74}.Debug|Any CPU.ActiveCfg = Development
		{79424202-9BC5-4C97-A5A4-2ADC33DEAD74}.Debug|Any CPU.Build.0 = Development
		{79424202-9BC5-4C97-A5A4-2ADC33DEAD74}.Development|Any CPU.ActiveCfg = Development
		{79424202-9BC5-4C97-A5A4-2ADC33DEAD74}.Development|Any CPU.Build.0 = Development
		{79424202-9BC5-4C97-A5A4-2ADC33DEAD74}.Release|Any CPU.ActiveCfg = Development
		{79424202-9BC5-4C97-A5A4-2ADC33DEAD74}.Release|Any CPU.Build.0 = Development
	EndGlobalSection
	GlobalSection(SolutionProperties) = preSolution
		HideSolutionNode = FALSE
	EndGlobalSection
	GlobalSection(ExtensibilityGlobals) = postSolution
		SolutionGuid = {786FA6E5-C8AC-49B1-97F6-B4CB666464A8}
	EndGlobalSection
EndGlobal
